
Microsoft Visual Studio Solution File, Format Version 12.00
# Visual Studio 15
VisualStudioVersion = 15.0.28010.2019
MinimumVisualStudioVersion = 10.0.40219.1
Project("{FAE04EC0-301F-11D3-BF4B-00C04F79EFBC}") = "Truck_Records", "Truck_Records\Truck_Records.csproj", "{95395EBB-3B38-4443-A770-B716E4596D75}"
EndProject
Global
	GlobalSection(SolutionConfigurationPlatforms) = preSolution
		Debug|Any CPU = Debug|Any CPU
		Release|Any CPU = Release|Any CPU
	EndGlobalSection
	GlobalSection(ProjectConfigurationPlatforms) = postSolution
		{95395EBB-3B38-4443-A770-B716E4596D75}.Debug|Any CPU.ActiveCfg = Debug|Any CPU
		{95395EBB-3B38-4443-A770-B716E4596D75}.Debug|Any CPU.Build.0 = Debug|Any CPU
		{95395EBB-3B38-4443-A770-B716E4596D75}.Release|Any CPU.ActiveCfg = Release|Any CPU
		{95395EBB-3B38-4443-A770-B716E4596D75}.Release|Any CPU.Build.0 = Release|Any CPU
	EndGlobalSection
	GlobalSection(SolutionProperties) = preSolution
		HideSolutionNode = FALSE
	EndGlobalSection
	GlobalSection(ExtensibilityGlobals) = postSolution
		SolutionGuid = {CBE555D5-A226-4B98-B07A-453C9C241A93}
	EndGlobalSection
EndGlobal
